// !$*UTF8*$!
{
	archiveVersion = 1;
	classes = {
	};
	objectVersion = 77;
	objects = {

/* Begin PBXContainerItemProxy section */
		B99363CB2FA1F1BC00C1AC45 /* PBXContainerItemProxy */ = {
			isa = PBXContainerItemProxy;
			containerPortal = B99363B22FA1F1B900C1AC45 /* Project object */;
			proxyType = 1;
			remoteGlobalIDString = B99363B92FA1F1B900C1AC45;
			remoteInfo = Rooted;
		};
		B99363D52FA1F1BC00C1AC45 /* PBXContainerItemProxy */ = {
			isa = PBXContainerItemProxy;
			containerPortal = B99363B22FA1F1B900C1AC45 /* Project object */;
			proxyType = 1;
			remoteGlobalIDString = B99363B92FA1F1B900C1AC45;
			remoteInfo = Rooted;
		};
/* End PBXContainerItemProxy section */

/* Begin PBXFileReference section */
		B99363BA2FA1F1B900C1AC45 /* Rooted.app */ = {isa = PBXFileReference; explicitFileType = wrapper.application; includeInIndex = 0; path = Rooted.app; sourceTree = BUILT_PRODUCTS_DIR; };
		B99363CA2FA1F1BC00C1AC45 /* RootedTests.xctest */ = {isa = PBXFileReference; explicitFileType = wrapper.cfbundle; includeInIndex = 0; path = RootedTests.xctest; sourceTree = BUILT_PRODUCTS_DIR; };
		B99363D42FA1F1BC00C1AC45 /* RootedUITests.xctest */ = {isa = PBXFileReference; explicitFileType = wrapper.cfbundle; includeInIndex = 0; path = RootedUITests.xctest; sourceTree = BUILT_PRODUCTS_DIR; };
/* End PBXFileReference section */

/* Begin PBXFileSystemSynchronizedRootGroup section */
		B99363BC2FA1F1B900C1AC45 /* Rooted */ = {
			isa = PBXFileSystemSynchronizedRootGroup;
			path = Rooted;
			sourceTree = "<group>";
		};
		B99363CD2FA1F1BC00C1AC45 /* RootedTests */ = {
			isa = PBXFileSystemSynchronizedRootGroup;
			path = RootedTests;
			sourceTree = "<group>";
		};
		B99363D72FA1F1BC00C1AC45 /* RootedUITests */ = {
			isa = PBXFileSystemSynchronizedRootGroup;
			path = RootedUITests;
			sourceTree = "<group>";
		};
/* End PBXFileSystemSynchronizedRootGroup section */

/* Begin PBXFrameworksBuildPhase section */
		B99363B72FA1F1B900C1AC45 /* Frameworks */ = {
			isa = PBXFrameworksBuildPhase;
			buildActionMask = 2147483647;
			files = (
			);
			runOnlyForDeploymentPostprocessing = 0;
		};
		B99363C72FA1F1BC00C1AC45 /* Frameworks */ = {
			isa = PBXFrameworksBuildPhase;
			buildActionMask = 2147483647;
			files = (
			);
			runOnlyForDeploymentPostprocessing = 0;
		};
		B99363D12FA1F1BC00C1AC45 /* Frameworks */ = {
			isa = PBXFrameworksBuildPhase;
			buildActionMask = 2147483647;
			files = (
			);
			runOnlyForDeploymentPostprocessing = 0;
		};
/* End PBXFrameworksBuildPhase section */

/* Begin PBXGroup section */
		B99363B12FA1F1B900C1AC45 = {
			isa = PBXGroup;
			children = (
				B99363BC2FA1F1B900C1AC45 /* Rooted */,
				B99363CD2FA1F1BC00C1AC45 /* RootedTests */,
				B99363D72FA1F1BC00C1AC45 /* RootedUITests */,
				B99363BB2FA1F1B900C1AC45 /* Products */,
			);
			sourceTree = "<group>";
		};
		B99363BB2FA1F1B900C1AC45 /* Products */ = {
			isa = PBXGroup;
			children = (
				B99363BA2FA1F1B900C1AC45 /* Rooted.app */,
				B99363CA2FA1F1BC00C1AC45 /* RootedTests.xctest */,
				B99363D42FA1F1BC00C1AC45 /* RootedUITests.xctest */,
			);
			name = Products;
			sourceTree = "<group>";
		};
/* End PBXGroup section */

/* Begin PBXNativeTarget section */
		B99363B92FA1F1B900C1AC45 /* Rooted */ = {
			isa = PBXNativeTarget;
			buildConfigurationList = B99363DE2FA1F1BC00C1AC45 /* Build configuration list for PBXNativeTarget "Rooted" */;
			buildPhases = (
				B99363B62FA1F1B900C1AC45 /* Sources */,
				B99363B72FA1F1B900C1AC45 /* Frameworks */,
				B99363B82FA1F1B900C1AC45 /* Resources */,
			);
			buildRules = (
			);
			dependencies = (
			);
			fileSystemSynchronizedGroups = (
				B99363BC2FA1F1B900C1AC45 /* Rooted */,
			);
			name = Rooted;
			packageProductDependencies = (
			);
			productName = Rooted;
			productReference = B99363BA2FA1F1B900C1AC45 /* Rooted.app */;
			productType = "com.apple.product-type.application";
		};
		B99363C92FA1F1BC00C1AC45 /* RootedTests */ = {
			isa = PBXNativeTarget;
			buildConfigurationList = B99363E12FA1F1BC00C1AC45 /* Build configuration list for PBXNativeTarget "RootedTests" */;
			buildPhases = (
				B99363C62FA1F1BC00C1AC45 /* Sources */,
				B99363C72FA1F1BC00C1AC45 /* Frameworks */,
				B99363C82FA1F1BC00C1AC45 /* Resources */,
			);
			buildRules = (
			);
			dependencies = (
				B99363CC2FA1F1BC00C1AC45 /* PBXTargetDependency */,
			);
			fileSystemSynchronizedGroups = (
				B99363CD2FA1F1BC00C1AC45 /* RootedTests */,
			);
			name = RootedTests;
			packageProductDependencies = (
			);
			productName = RootedTests;
			productReference = B99363CA2FA1F1BC00C1AC45 /* RootedTests.xctest */;
			productType = "com.apple.product-type.bundle.unit-test";
		};
		B99363D32FA1F1BC00C1AC45 /* RootedUITests */ = {
			isa = PBXNativeTarget;
			buildConfigurationList = B99363E42FA1F1BC00C1AC45 /* Build configuration list for PBXNativeTarget "RootedUITests" */;
			buildPhases = (
				B99363D02FA1F1BC00C1AC45 /* Sources */,
				B99363D12FA1F1BC00C1AC45 /* Frameworks */,
				B99363D22FA1F1BC00C1AC45 /* Resources */,
			);
			buildRules = (
			);
			dependencies = (
				B99363D62FA1F1BC00C1AC45 /* PBXTargetDependency */,
			);
			fileSystemSynchronizedGroups = (
				B99363D72FA1F1BC00C1AC45 /* RootedUITests */,
			);
			name = RootedUITests;
			packageProductDependencies = (
			);
			productName = RootedUITests;
			productReference = B99363D42FA1F1BC00C1AC45 /* RootedUITests.xctest */;
			productType = "com.apple.product-type.bundle.ui-testing";
		};
/* End PBXNativeTarget section */

/* Begin PBXProject section */
		B99363B22FA1F1B900C1AC45 /* Project object */ = {
			isa = PBXProject;
			attributes = {
				BuildIndependentTargetsInParallel = 1;
				LastSwiftUpdateCheck = 1620;
				LastUpgradeCheck = 1620;
				TargetAttributes = {
					B99363B92FA1F1B900C1AC45 = {
						CreatedOnToolsVersion = 16.2;
					};
					B99363C92FA1F1BC00C1AC45 = {
						CreatedOnToolsVersion = 16.2;
						TestTargetID = B99363B92FA1F1B900C1AC45;
					};
					B99363D32FA1F1BC00C1AC45 = {
						CreatedOnToolsVersion = 16.2;
						TestTargetID = B99363B92FA1F1B900C1AC45;
					};
				};
			};
			buildConfigurationList = B99363B52FA1F1B900C1AC45 /* Build configuration list for PBXProject "Rooted" */;
			developmentRegion = en;
			hasScannedForEncodings = 0;
			knownRegions = (
				en,
				Base,
			);
			mainGroup = B99363B12FA1F1B900C1AC45;
			minimizedProjectReferenceProxies = 1;
			preferredProjectObjectVersion = 77;
			productRefGroup = B99363BB2FA1F1B900C1AC45 /* Products */;
			projectDirPath = "";
			projectRoot = "";
			targets = (
				B99363B92FA1F1B900C1AC45 /* Rooted */,
				B99363C92FA1F1BC00C1AC45 /* RootedTests */,
				B99363D32FA1F1BC00C1AC45 /* RootedUITests */,
			);
		};
/* End PBXProject section */

/* Begin PBXResourcesBuildPhase section */
		B99363B82FA1F1B900C1AC45 /* Resources */ = {
			isa = PBXResourcesBuildPhase;
			buildActionMask = 2147483647;
			files = (
			);
			runOnlyForDeploymentPostprocessing = 0;
		};
		B99363C82FA1F1BC00C1AC45 /* Resources */ = {
			isa = PBXResourcesBuildPhase;
			buildActionMask = 2147483647;
			files = (
			);
			runOnlyForDeploymentPostprocessing = 0;
		};
		B99363D22FA1F1BC00C1AC45 /* Resources */ = {
			isa = PBXResourcesBuildPhase;
			buildActionMask = 2147483647;
			files = (
			);
			runOnlyForDeploymentPostprocessing = 0;
		};
/* End PBXResourcesBuildPhase section */

/* Begin PBXSourcesBuildPhase section */
		B99363B62FA1F1B900C1AC45 /* Sources */ = {
			isa = PBXSourcesBuildPhase;
			buildActionMask = 2147483647;
			files = (
			);
			runOnlyForDeploymentPostprocessing = 0;
		};
		B99363C62FA1F1BC00C1AC45 /* Sources */ = {
			isa = PBXSourcesBuildPhase;
			buildActionMask = 2147483647;
			files = (
			);
			runOnlyForDeploymentPostprocessing = 0;
		};
		B99363D02FA1F1BC00C1AC45 /* Sources */ = {
			isa = PBXSourcesBuildPhase;
			buildActionMask = 2147483647;
			files = (
			);
			runOnlyForDeploymentPostprocessing = 0;
		};
/* End PBXSourcesBuildPhase section */

/* Begin PBXTargetDependency section */
		B99363CC2FA1F1BC00C1AC45 /* PBXTargetDependency */ = {
			isa = PBXTargetDependency;
			target = B99363B92FA1F1B900C1AC45 /* Rooted */;
			targetProxy = B99363CB2FA1F1BC00C1AC45 /* PBXContainerItemProxy */;
		};
		B99363D62FA1F1BC00C1AC45 /* PBXTargetDependency */ = {
			isa = PBXTargetDependency;
			target = B99363B92FA1F1B900C1AC45 /* Rooted */;
			targetProxy = B99363D52FA1F1BC00C1AC45 /* PBXContainerItemProxy */;
		};
/* End PBXTargetDependency section */

/* Begin XCBuildConfiguration section */
		B99363DC2FA1F1BC00C1AC45 /* Debug */ = {
			isa = XCBuildConfiguration;
			buildSettings = {
				ALWAYS_SEARCH_USER_PATHS = NO;
				ASSETCATALOG_COMPILER_GENERATE_SWIFT_ASSET_SYMBOL_EXTENSIONS = YES;
				CLANG_ANALYZER_NONNULL = YES;
				CLANG_ANALYZER_NUMBER_OBJECT_CONVERSION = YES_AGGRESSIVE;
				CLANG_CXX_LANGUAGE_STANDARD = "gnu++20";
				CLANG_ENABLE_MODULES = YES;
				CLANG_ENABLE_OBJC_ARC = YES;
				CLANG_ENABLE_OBJC_WEAK = YES;
				CLANG_WARN_BLOCK_CAPTURE_AUTORELEASING = YES;
				CLANG_WARN_BOOL_CONVERSION = YES;
				CLANG_WARN_COMMA = YES;
				CLANG_WARN_CONSTANT_CONVERSION = YES;
				CLANG_WARN_DEPRECATED_OBJC_IMPLEMENTATIONS = YES;
				CLANG_WARN_DIRECT_OBJC_ISA_USAGE = YES_ERROR;
				CLANG_WARN_DOCUMENTATION_COMMENTS = YES;
				CLANG_WARN_EMPTY_BODY = YES;
				CLANG_WARN_ENUM_CONVERSION = YES;
				CLANG_WARN_INFINITE_RECURSION = YES;
				CLANG_WARN_INT_CONVERSION = YES;
				CLANG_WARN_NON_LITERAL_NULL_CONVERSION = YES;
				CLANG_WARN_OBJC_IMPLICIT_RETAIN_SELF = YES;
				CLANG_WARN_OBJC_LITERAL_CONVERSION = YES;
				CLANG_WARN_OBJC_ROOT_CLASS = YES_ERROR;
				CLANG_WARN_QUOTED_INCLUDE_IN_FRAMEWORK_HEADER = YES;
				CLANG_WARN_RANGE_LOOP_ANALYSIS = YES;
				CLANG_WARN_STRICT_PROTOTYPES = YES;
				CLANG_WARN_SUSPICIOUS_MOVE = YES;
				CLANG_WARN_UNGUARDED_AVAILABILITY = YES_AGGRESSIVE;
				CLANG_WARN_UNREACHABLE_CODE = YES;
				CLANG_WARN__DUPLICATE_METHOD_MATCH = YES;
				COPY_PHASE_STRIP = NO;
				DEBUG_INFORMATION_FORMAT = dwarf;
				ENABLE_STRICT_OBJC_MSGSEND = YES;
				ENABLE_TESTABILITY = YES;
				ENABLE_USER_SCRIPT_SANDBOXING = YES;
				GCC_C_LANGUAGE_STANDARD = gnu17;
				GCC_DYNAMIC_NO_PIC = NO;
				GCC_NO_COMMON_BLOCKS = YES;
				GCC_OPTIMIZATION_LEVEL = 0;
				GCC_PREPROCESSOR_DEFINITIONS = (
					"DEBUG=1",
					"$(inherited)",
				);
				GCC_WARN_64_TO_32_BIT_CONVERSION = YES;
				GCC_WARN_ABOUT_RETURN_TYPE = YES_ERROR;
				GCC_WARN_UNDECLARED_SELECTOR = YES;
				GCC_WARN_UNINITIALIZED_AUTOS = YES_AGGRESSIVE;
				GCC_WARN_UNUSED_FUNCTION = YES;
				GCC_WARN_UNUSED_VARIABLE = YES;
				IPHONEOS_DEPLOYMENT_TARGET = 18.2;
				LOCALIZATION_PREFERS_STRING_CATALOGS = YES;
				MTL_ENABLE_DEBUG_INFO = INCLUDE_SOURCE;
				MTL_FAST_MATH = YES;
				ONLY_ACTIVE_ARCH = YES;
				SDKROOT = iphoneos;
				SWIFT_ACTIVE_COMPILATION_CONDITIONS = "DEBUG $(inherited)";
				SWIFT_OPTIMIZATION_LEVEL = "-Onone";
			};
			name = Debug;
		};
		B99363DD2FA1F1BC00C1AC45 /* Release */ = {
			isa = XCBuildConfiguration;
			buildSettings = {
				ALWAYS_SEARCH_USER_PATHS = NO;
				ASSETCATALOG_COMPILER_GENERATE_SWIFT_ASSET_SYMBOL_EXTENSIONS = YES;
				CLANG_ANALYZER_NONNULL = YES;
				CLANG_ANALYZER_NUMBER_OBJECT_CONVERSION = YES_AGGRESSIVE;
				CLANG_CXX_LANGUAGE_STANDARD = "gnu++20";
				CLANG_ENABLE_MODULES = YES;
				CLANG_ENABLE_OBJC_ARC = YES;
				CLANG_ENABLE_OBJC_WEAK = YES;
				CLANG_WARN_BLOCK_CAPTURE_AUTORELEASING = YES;
				CLANG_WARN_BOOL_CONVERSION = YES;
				CLANG_WARN_COMMA = YES;
				CLANG_WARN_CONSTANT_CONVERSION = YES;
				CLANG_WARN_DEPRECATED_OBJC_IMPLEMENTATIONS = YES;
				CLANG_WARN_DIRECT_OBJC_ISA_USAGE = YES_ERROR;
				CLANG_WARN_DOCUMENTATION_COMMENTS = YES;
				CLANG_WARN_EMPTY_BODY = YES;
				CLANG_WARN_ENUM_CONVERSION = YES;
				CLANG_WARN_INFINITE_RECURSION = YES;
				CLANG_WARN_INT_CONVERSION = YES;
				CLANG_WARN_NON_LITERAL_NULL_CONVERSION = YES;
				CLANG_WARN_OBJC_IMPLICIT_RETAIN_SELF = YES;
				CLANG_WARN_OBJC_LITERAL_CONVERSION = YES;
				CLANG_WARN_OBJC_ROOT_CLASS = YES_ERROR;
				CLANG_WARN_QUOTED_INCLUDE_IN_FRAMEWORK_HEADER = YES;
				CLANG_WARN_RANGE_LOOP_ANALYSIS = YES;
				CLANG_WARN_STRICT_PROTOTYPES = YES;
				CLANG_WARN_SUSPICIOUS_MOVE = YES;
				CLANG_WARN_UNGUARDED_AVAILABILITY = YES_AGGRESSIVE;
				CLANG_WARN_UNREACHABLE_CODE = YES;
				CLANG_WARN__DUPLICATE_METHOD_MATCH = YES;
				COPY_PHASE_STRIP = NO;
				DEBUG_INFORMATION_FORMAT = "dwarf-with-dsym";
				ENABLE_NS_ASSERTIONS = NO;
				ENABLE_STRICT_OBJC_MSGSEND = YES;
				ENABLE_USER_SCRIPT_SANDBOXING = YES;
				GCC_C_LANGUAGE_STANDARD = gnu17;
				GCC_NO_COMMON_BLOCKS = YES;
				GCC_WARN_64_TO_32_BIT_CONVERSION = YES;
				GCC_WARN_ABOUT_RETURN_TYPE = YES_ERROR;
				GCC_WARN_UNDECLARED_SELECTOR = YES;
				GCC_WARN_UNINITIALIZED_AUTOS = YES_AGGRESSIVE;
				GCC_WARN_UNUSED_FUNCTION = YES;
				GCC_WARN_UNUSED_VARIABLE = YES;
				IPHONEOS_DEPLOYMENT_TARGET = 18.2;
				LOCALIZATION_PREFERS_STRING_CATALOGS = YES;
				MTL_ENABLE_DEBUG_INFO = NO;
				MTL_FAST_MATH = YES;
				SDKROOT = iphoneos;
				SWIFT_COMPILATION_MODE = wholemodule;
				VALIDATE_PRODUCT = YES;
			};
			name = Release;
		};
		B99363DF2FA1F1BC00C1AC45 /* Debug */ = {
			isa = XCBuildConfiguration;
			buildSettings = {
				ASSETCATALOG_COMPILER_APPICON_NAME = AppIcon;
				ASSETCATALOG_COMPILER_GLOBAL_ACCENT_COLOR_NAME = AccentColor;
				CODE_SIGN_STYLE = Automatic;
				CURRENT_PROJECT_VERSION = 1;
				DEVELOPMENT_ASSET_PATHS = "\"Rooted/Preview Content\"";
				DEVELOPMENT_TEAM = K549HKP9R3;
				ENABLE_PREVIEWS = YES;
				GENERATE_INFOPLIST_FILE = YES;
				INFOPLIST_KEY_UIApplicationSceneManifest_Generation = YES;
				INFOPLIST_KEY_UIApplicationSupportsIndirectInputEvents = YES;
				INFOPLIST_KEY_UILaunchScreen_Generation = YES;
				INFOPLIST_KEY_UISupportedInterfaceOrientations_iPad = "UIInterfaceOrientationPortrait UIInterfaceOrientationPortraitUpsideDown UIInterfaceOrientationLandscapeLeft UIInterfaceOrientationLandscapeRight";
				INFOPLIST_KEY_UISupportedInterfaceOrientations_iPhone = "UIInterfaceOrientationPortrait UIInterfaceOrientationLandscapeLeft UIInterfaceOrientationLandscapeRight";
				LD_RUNPATH_SEARCH_PATHS = (
					"$(inherited)",
					"@executable_path/Frameworks",
				);
				MARKETING_VERSION = 1.0;
				PRODUCT_BUNDLE_IDENTIFIER = rooted.Rooted;
				PRODUCT_NAME = "$(TARGET_NAME)";
				SWIFT_EMIT_LOC_STRINGS = YES;
				SWIFT_VERSION = 5.0;
				TARGETED_DEVICE_FAMILY = "1,2";
			};
			name = Debug;
		};
		B99363E02FA1F1BC00C1AC45 /* Release */ = {
			isa = XCBuildConfiguration;
			buildSettings = {
				ASSETCATALOG_COMPILER_APPICON_NAME = AppIcon;
				ASSETCATALOG_COMPILER_GLOBAL_ACCENT_COLOR_NAME = AccentColor;
				CODE_SIGN_STYLE = Automatic;
				CURRENT_PROJECT_VERSION = 1;
				DEVELOPMENT_ASSET_PATHS = "\"Rooted/Preview Content\"";
				DEVELOPMENT_TEAM = K549HKP9R3;
				ENABLE_PREVIEWS = YES;
				GENERATE_INFOPLIST_FILE = YES;
				INFOPLIST_KEY_UIApplicationSceneManifest_Generation = YES;
				INFOPLIST_KEY_UIApplicationSupportsIndirectInputEvents = YES;
				INFOPLIST_KEY_UILaunchScreen_Generation = YES;
				INFOPLIST_KEY_UISupportedInterfaceOrientations_iPad = "UIInterfaceOrientationPortrait UIInterfaceOrientationPortraitUpsideDown UIInterfaceOrientationLandscapeLeft UIInterfaceOrientationLandscapeRight";
				INFOPLIST_KEY_UISupportedInterfaceOrientations_iPhone = "UIInterfaceOrientationPortrait UIInterfaceOrientationLandscapeLeft UIInterfaceOrientationLandscapeRight";
				LD_RUNPATH_SEARCH_PATHS = (
					"$(inherited)",
					"@executable_path/Frameworks",
				);
				MARKETING_VERSION = 1.0;
				PRODUCT_BUNDLE_IDENTIFIER = rooted.Rooted;
				PRODUCT_NAME = "$(TARGET_NAME)";
				SWIFT_EMIT_LOC_STRINGS = YES;
				SWIFT_VERSION = 5.0;
				TARGETED_DEVICE_FAMILY = "1,2";
			};
			name = Release;
		};
		B99363E22FA1F1BC00C1AC45 /* Debug */ = {
			isa = XCBuildConfiguration;
			buildSettings = {
				BUNDLE_LOADER = "$(TEST_HOST)";
				CODE_SIGN_STYLE = Automatic;
				CURRENT_PROJECT_VERSION = 1;
				DEVELOPMENT_TEAM = K549HKP9R3;
				GENERATE_INFOPLIST_FILE = YES;
				IPHONEOS_DEPLOYMENT_TARGET = 18.2;
				MARKETING_VERSION = 1.0;
				PRODUCT_BUNDLE_IDENTIFIER = rooted.RootedTests;
				PRODUCT_NAME = "$(TARGET_NAME)";
				SWIFT_EMIT_LOC_STRINGS = NO;
				SWIFT_VERSION = 5.0;
				TARGETED_DEVICE_FAMILY = "1,2";
				TEST_HOST = "$(BUILT_PRODUCTS_DIR)/Rooted.app/$(BUNDLE_EXECUTABLE_FOLDER_PATH)/Rooted";
			};
			name = Debug;
		};
		B99363E32FA1F1BC00C1AC45 /* Release */ = {
			isa = XCBuildConfiguration;
			buildSettings = {
				BUNDLE_LOADER = "$(TEST_HOST)";
				CODE_SIGN_STYLE = Automatic;
				CURRENT_PROJECT_VERSION = 1;
				DEVELOPMENT_TEAM = K549HKP9R3;
				GENERATE_INFOPLIST_FILE = YES;
				IPHONEOS_DEPLOYMENT_TARGET = 18.2;
				MARKETING_VERSION = 1.0;
				PRODUCT_BUNDLE_IDENTIFIER = rooted.RootedTests;
				PRODUCT_NAME = "$(TARGET_NAME)";
				SWIFT_EMIT_LOC_STRINGS = NO;
				SWIFT_VERSION = 5.0;
				TARGETED_DEVICE_FAMILY = "1,2";
				TEST_HOST = "$(BUILT_PRODUCTS_DIR)/Rooted.app/$(BUNDLE_EXECUTABLE_FOLDER_PATH)/Rooted";
			};
			name = Release;
		};
		B99363E52FA1F1BC00C1AC45 /* Debug */ = {
			isa = XCBuildConfiguration;
			buildSettings = {
				CODE_SIGN_STYLE = Automatic;
				CURRENT_PROJECT_VERSION = 1;
				DEVELOPMENT_TEAM = K549HKP9R3;
				GENERATE_INFOPLIST_FILE = YES;
				MARKETING_VERSION = 1.0;
				PRODUCT_BUNDLE_IDENTIFIER = rooted.RootedUITests;
				PRODUCT_NAME = "$(TARGET_NAME)";
				SWIFT_EMIT_LOC_STRINGS = NO;
				SWIFT_VERSION = 5.0;
				TARGETED_DEVICE_FAMILY = "1,2";
				TEST_TARGET_NAME = Rooted;
			};
			name = Debug;
		};
		B99363E62FA1F1BC00C1AC45 /* Release */ = {
			isa = XCBuildConfiguration;
			buildSettings = {
				CODE_SIGN_STYLE = Automatic;
				CURRENT_PROJECT_VERSION = 1;
				DEVELOPMENT_TEAM = K549HKP9R3;
				GENERATE_INFOPLIST_FILE = YES;
				MARKETING_VERSION = 1.0;
				PRODUCT_BUNDLE_IDENTIFIER = rooted.RootedUITests;
				PRODUCT_NAME = "$(TARGET_NAME)";
				SWIFT_EMIT_LOC_STRINGS = NO;
				SWIFT_VERSION = 5.0;
				TARGETED_DEVICE_FAMILY = "1,2";
				TEST_TARGET_NAME = Rooted;
			};
			name = Release;
		};
/* End XCBuildConfiguration section */

/* Begin XCConfigurationList section */
		B99363B52FA1F1B900C1AC45 /* Build configuration list for PBXProject "Rooted" */ = {
			isa = XCConfigurationList;
			buildConfigurations = (
				B99363DC2FA1F1BC00C1AC45 /* Debug */,
				B99363DD2FA1F1BC00C1AC45 /* Release */,
			);
			defaultConfigurationIsVisible = 0;
			defaultConfigurationName = Release;
		};
		B99363DE2FA1F1BC00C1AC45 /* Build configuration list for PBXNativeTarget "Rooted" */ = {
			isa = XCConfigurationList;
			buildConfigurations = (
				B99363DF2FA1F1BC00C1AC45 /* Debug */,
				B99363E02FA1F1BC00C1AC45 /* Release */,
			);
			defaultConfigurationIsVisible = 0;
			defaultConfigurationName = Release;
		};
		B99363E12FA1F1BC00C1AC45 /* Build configuration list for PBXNativeTarget "RootedTests" */ = {
			isa = XCConfigurationList;
			buildConfigurations = (
				B99363E22FA1F1BC00C1AC45 /* Debug */,
				B99363E32FA1F1BC00C1AC45 /* Release */,
			);
			defaultConfigurationIsVisible = 0;
			defaultConfigurationName = Release;
		};
		B99363E42FA1F1BC00C1AC45 /* Build configuration list for PBXNativeTarget "RootedUITests" */ = {
			isa = XCConfigurationList;
			buildConfigurations = (
				B99363E52FA1F1BC00C1AC45 /* Debug */,
				B99363E62FA1F1BC00C1AC45 /* Release */,
			);
			defaultConfigurationIsVisible = 0;
			defaultConfigurationName = Release;
		};
/* End XCConfigurationList section */
	};
	rootObject = B99363B22FA1F1B900C1AC45 /* Project object */;
}
